
Microsoft Visual Studio Solution File, Format Version 12.00
# Visual Studio Version 16
VisualStudioVersion = 16.0.30804.86
MinimumVisualStudioVersion = 10.0.40219.1
Project("{FAE04EC0-301F-11D3-BF4B-00C04F79EFBC}") = "ThreadForm", "ThreadForm\ThreadForm.csproj", "{44973BCD-0515-4199-B926-E1D9C050E075}"
EndProject
Project("{FAE04EC0-301F-11D3-BF4B-00C04F79EFBC}") = "TaskConsole", "TaskConsole\TaskConsole.csproj", "{880465B7-4CC8-47B0-A0E7-FF00FD8A4908}"
EndProject
Global
	GlobalSection(SolutionConfigurationPlatforms) = preSolution
		Debug|Any CPU = Debug|Any CPU
		Release|Any CPU = Release|Any CPU
	EndGlobalSection
	GlobalSection(ProjectConfigurationPlatforms) = postSolution
		{44973BCD-0515-4199-B926-E1D9C050E075}.Debug|Any CPU.ActiveCfg = Debug|Any CPU
		{44973BCD-0515-4199-B926-E1D9C050E075}.Debug|Any CPU.Build.0 = Debug|Any CPU
		{44973BCD-0515-4199-B926-E1D9C050E075}.Release|Any CPU.ActiveCfg = Release|Any CPU
		{44973BCD-0515-4199-B926-E1D9C050E075}.Release|Any CPU.Build.0 = Release|Any CPU
		{880465B7-4CC8-47B0-A0E7-FF00FD8A4908}.Debug|Any CPU.ActiveCfg = Debug|Any CPU
		{880465B7-4CC8-47B0-A0E7-FF00FD8A4908}.Debug|Any CPU.Build.0 = Debug|Any CPU
		{880465B7-4CC8-47B0-A0E7-FF00FD8A4908}.Release|Any CPU.ActiveCfg = Release|Any CPU
		{880465B7-4CC8-47B0-A0E7-FF00FD8A4908}.Release|Any CPU.Build.0 = Release|Any CPU
	EndGlobalSection
	GlobalSection(SolutionProperties) = preSolution
		HideSolutionNode = FALSE
	EndGlobalSection
	GlobalSection(ExtensibilityGlobals) = postSolution
		SolutionGuid = {E851ED8E-61BD-4C93-AC88-E974BE74D652}
	EndGlobalSection
EndGlobal
